
Microsoft Visual Studio Solution File, Format Version 12.00
# Visual Studio Version 17
VisualStudioVersion = 17.3.32901.215
MinimumVisualStudioVersion = 10.0.40219.1
Project("{FAE04EC0-301F-11D3-BF4B-00C04F79EFBC}") = "assignment3_MaksimTomilin", "assignment3_MaksimTomilin\assignment3_MaksimTomilin.csproj", "{160D1E1E-6678-4A90-A68E-E7D1B8969F34}"
EndProject
Global
	GlobalSection(SolutionConfigurationPlatforms) = preSolution
		Debug|Any CPU = Debug|Any CPU
		Release|Any CPU = Release|Any CPU
	EndGlobalSection
	GlobalSection(ProjectConfigurationPlatforms) = postSolution
		{160D1E1E-6678-4A90-A68E-E7D1B8969F34}.Debug|Any CPU.ActiveCfg = Debug|Any CPU
		{160D1E1E-6678-4A90-A68E-E7D1B8969F34}.Debug|Any CPU.Build.0 = Debug|Any CPU
		{160D1E1E-6678-4A90-A68E-E7D1B8969F34}.Release|Any CPU.ActiveCfg = Release|Any CPU
		{160D1E1E-6678-4A90-A68E-E7D1B8969F34}.Release|Any CPU.Build.0 = Release|Any CPU
	EndGlobalSection
	GlobalSection(SolutionProperties) = preSolution
		HideSolutionNode = FALSE
	EndGlobalSection
	GlobalSection(ExtensibilityGlobals) = postSolution
		SolutionGuid = {C36D9186-2F86-413C-A235-0461909149D0}
	EndGlobalSection
EndGlobal
